
Microsoft Visual Studio Solution File, Format Version 12.00
# Visual Studio Version 16
VisualStudioVersion = 16.0.29215.179
MinimumVisualStudioVersion = 10.0.40219.1
Project("{FAE04EC0-301F-11D3-BF4B-00C04F79EFBC}") = "Order Tracker", "Order Tracker\Order Tracker.csproj", "{39E7611C-446E-4FFE-ABDD-88DA5D7FE609}"
EndProject
Global
	GlobalSection(SolutionConfigurationPlatforms) = preSolution
		Debug|Any CPU = Debug|Any CPU
		Release|Any CPU = Release|Any CPU
	EndGlobalSection
	GlobalSection(ProjectConfigurationPlatforms) = postSolution
		{39E7611C-446E-4FFE-ABDD-88DA5D7FE609}.Debug|Any CPU.ActiveCfg = Debug|Any CPU
		{39E7611C-446E-4FFE-ABDD-88DA5D7FE609}.Debug|Any CPU.Build.0 = Debug|Any CPU
		{39E7611C-446E-4FFE-ABDD-88DA5D7FE609}.Release|Any CPU.ActiveCfg = Release|Any CPU
		{39E7611C-446E-4FFE-ABDD-88DA5D7FE609}.Release|Any CPU.Build.0 = Release|Any CPU
	EndGlobalSection
	GlobalSection(SolutionProperties) = preSolution
		HideSolutionNode = FALSE
	EndGlobalSection
	GlobalSection(ExtensibilityGlobals) = postSolution
		SolutionGuid = {48D13BB5-9BCB-454F-8502-E04636F08999}
	EndGlobalSection
EndGlobal
